
Microsoft Visual Studio Solution File, Format Version 12.00
# Visual Studio 14
VisualStudioVersion = 14.0.23107.0
MinimumVisualStudioVersion = 10.0.40219.1
Project("{FAE04EC0-301F-11D3-BF4B-00C04F79EFBC}") = "Dimmer Labels Wizard", "Dimmer Labels Wizard\Dimmer Labels Wizard.csproj", "{43E06D1A-CA92-4CA2-B435-389D4787494B}"
EndProject
Project("{FAE04EC0-301F-11D3-BF4B-00C04F79EFBC}") = "Dimmer Labels Wizard WPF", "Dimmer Labels Wizard WPF\Dimmer Labels Wizard WPF.csproj", "{AD50B9EC-2D9B-4EFA-BE98-848CFFF1B1A2}"
EndProject
Project("{FAE04EC0-301F-11D3-BF4B-00C04F79EFBC}") = "Dimmer Labels Wizard WPFTests1", "Dimmer Labels Wizard WPFTests1\Dimmer Labels Wizard WPFTests1.csproj", "{33CD9906-8510-4BD1-86FE-2A2282845B21}"
EndProject
Project("{FAE04EC0-301F-11D3-BF4B-00C04F79EFBC}") = "DatabaseReset", "DatabaseReset\DatabaseReset.csproj", "{38002021-587B-4658-B9AB-5E6E4A5614E3}"
EndProject
Project("{54435603-DBB4-11D2-8724-00A0C9A8B90C}") = "DLW Installer", "DLW Installer\DLW Installer.vdproj", "{4F664DBC-BA69-4A37-970C-89199BD03ACD}"
EndProject
Global
	GlobalSection(SolutionConfigurationPlatforms) = preSolution
		Debug|Any CPU = Debug|Any CPU
		Release|Any CPU = Release|Any CPU
	EndGlobalSection
	GlobalSection(ProjectConfigurationPlatforms) = postSolution
		{43E06D1A-CA92-4CA2-B435-389D4787494B}.Debug|Any CPU.ActiveCfg = Debug|Any CPU
		{43E06D1A-CA92-4CA2-B435-389D4787494B}.Release|Any CPU.ActiveCfg = Release|Any CPU
		{AD50B9EC-2D9B-4EFA-BE98-848CFFF1B1A2}.Debug|Any CPU.ActiveCfg = Debug|Any CPU
		{AD50B9EC-2D9B-4EFA-BE98-848CFFF1B1A2}.Debug|Any CPU.Build.0 = Debug|Any CPU
		{AD50B9EC-2D9B-4EFA-BE98-848CFFF1B1A2}.Release|Any CPU.ActiveCfg = Release|Any CPU
		{AD50B9EC-2D9B-4EFA-BE98-848CFFF1B1A2}.Release|Any CPU.Build.0 = Release|Any CPU
		{33CD9906-8510-4BD1-86FE-2A2282845B21}.Debug|Any CPU.ActiveCfg = Debug|Any CPU
		{33CD9906-8510-4BD1-86FE-2A2282845B21}.Release|Any CPU.ActiveCfg = Release|Any CPU
		{33CD9906-8510-4BD1-86FE-2A2282845B21}.Release|Any CPU.Build.0 = Release|Any CPU
		{38002021-587B-4658-B9AB-5E6E4A5614E3}.Debug|Any CPU.ActiveCfg = Debug|Any CPU
		{38002021-587B-4658-B9AB-5E6E4A5614E3}.Release|Any CPU.ActiveCfg = Release|Any CPU
		{38002021-587B-4658-B9AB-5E6E4A5614E3}.Release|Any CPU.Build.0 = Release|Any CPU
		{4F664DBC-BA69-4A37-970C-89199BD03ACD}.Debug|Any CPU.ActiveCfg = Debug
		{4F664DBC-BA69-4A37-970C-89199BD03ACD}.Release|Any CPU.ActiveCfg = Release
	EndGlobalSection
	GlobalSection(SolutionProperties) = preSolution
		HideSolutionNode = FALSE
	EndGlobalSection
EndGlobal
